
Microsoft Visual Studio Solution File, Format Version 12.00
# Visual Studio Version 17
VisualStudioVersion = 17.1.32319.34
MinimumVisualStudioVersion = 10.0.40219.1
Project("{FAE04EC0-301F-11D3-BF4B-00C04F79EFBC}") = "WinFormsApp7", "WinFormsApp7\WinFormsApp7.csproj", "{8B7B0E11-8106-43BE-8B07-486F49B69502}"
EndProject
Project("{FAE04EC0-301F-11D3-BF4B-00C04F79EFBC}") = "MoveApp", "MoveApp\MoveApp.csproj", "{D0AD4458-33B6-4D55-BF68-38AFB3021CB8}"
EndProject
Global
	GlobalSection(SolutionConfigurationPlatforms) = preSolution
		Debug|Any CPU = Debug|Any CPU
		Release|Any CPU = Release|Any CPU
	EndGlobalSection
	GlobalSection(ProjectConfigurationPlatforms) = postSolution
		{8B7B0E11-8106-43BE-8B07-486F49B69502}.Debug|Any CPU.ActiveCfg = Debug|Any CPU
		{8B7B0E11-8106-43BE-8B07-486F49B69502}.Debug|Any CPU.Build.0 = Debug|Any CPU
		{8B7B0E11-8106-43BE-8B07-486F49B69502}.Release|Any CPU.ActiveCfg = Release|Any CPU
		{8B7B0E11-8106-43BE-8B07-486F49B69502}.Release|Any CPU.Build.0 = Release|Any CPU
		{D0AD4458-33B6-4D55-BF68-38AFB3021CB8}.Debug|Any CPU.ActiveCfg = Debug|Any CPU
		{D0AD4458-33B6-4D55-BF68-38AFB3021CB8}.Debug|Any CPU.Build.0 = Debug|Any CPU
		{D0AD4458-33B6-4D55-BF68-38AFB3021CB8}.Release|Any CPU.ActiveCfg = Release|Any CPU
		{D0AD4458-33B6-4D55-BF68-38AFB3021CB8}.Release|Any CPU.Build.0 = Release|Any CPU
	EndGlobalSection
	GlobalSection(SolutionProperties) = preSolution
		HideSolutionNode = FALSE
	EndGlobalSection
	GlobalSection(ExtensibilityGlobals) = postSolution
		SolutionGuid = {0E5300FF-1CD0-4F14-B328-39A77608C69F}
	EndGlobalSection
EndGlobal
